
Microsoft Visual Studio Solution File, Format Version 12.00
# Visual Studio Version 17
VisualStudioVersion = 17.7.34024.191
MinimumVisualStudioVersion = 10.0.40219.1
Project("{9A19103F-16F7-4668-BE54-9A1E7A4F7556}") = "CPP_Lab1", "CPP_Lab1.csproj", "{BE45CCD5-3466-4EC1-8A79-04CF10DA6C78}"
EndProject
Project("{2150E333-8FDC-42A3-9474-1A3956D46DE8}") = "CPP_Lab1", "CPP_Lab1", "{480A2C0D-BA39-40AA-9AE2-F879419BD9F6}"
EndProject
Project("{2150E333-8FDC-42A3-9474-1A3956D46DE8}") = "CPP_Lab2", "CPP_Lab2", "{0E624229-CAD4-43BD-A8AE-DADD2544C7DD}"
EndProject
Project("{9A19103F-16F7-4668-BE54-9A1E7A4F7556}") = "CPP_Lab2", "..\CPP_Lab2\CPP_Lab2.csproj", "{98AF2BFF-33E8-44E0-B5DD-F2DB3B5DC5C0}"
EndProject
Project("{2150E333-8FDC-42A3-9474-1A3956D46DE8}") = "CPP_Lab3", "CPP_Lab3", "{459DA502-3C81-4888-A846-C912B03421BA}"
EndProject
Project("{9A19103F-16F7-4668-BE54-9A1E7A4F7556}") = "CPP_Lab3", "..\CPP_Lab3\CPP_Lab3.csproj", "{230DD1BF-7601-4865-9C75-74B726C0CA28}"
EndProject
Project("{9A19103F-16F7-4668-BE54-9A1E7A4F7556}") = "ClassLibraryCPPLab3", "..\ClassLibraryLab3\ClassLibraryCPPLab3.csproj", "{7B827D81-852C-4E3D-A59E-92F9621B202D}"
EndProject
Project("{9A19103F-16F7-4668-BE54-9A1E7A4F7556}") = "ConsoleAppCPPLab3", "..\ConsoleAppLab3\ConsoleAppCPPLab3.csproj", "{2FA1883B-B975-475C-A946-26D9A4976454}"
EndProject
Project("{2150E333-8FDC-42A3-9474-1A3956D46DE8}") = "CPP_Lab4", "CPP_Lab4", "{F8ECAD59-99A6-4951-B13A-FD63BBEB055E}"
EndProject
Project("{9A19103F-16F7-4668-BE54-9A1E7A4F7556}") = "CPP_Lab4", "..\CPP_Lab4\CPP_Lab4.csproj", "{29537AFE-1BA7-4771-9788-D796EBB37F2F}"
EndProject
Project("{9A19103F-16F7-4668-BE54-9A1E7A4F7556}") = "ClassLibraryLab4", "..\ClassLibraryLab4\ClassLibraryLab4.csproj", "{3F361CAF-0CAC-4104-9683-70AF1B9D60DB}"
EndProject
Project("{2150E333-8FDC-42A3-9474-1A3956D46DE8}") = "VagrantFiles", "VagrantFiles", "{D32EA67A-4C40-4A45-9FB5-D2EB5AE8F3AB}"
EndProject
Project("{2150E333-8FDC-42A3-9474-1A3956D46DE8}") = "Windows", "Windows", "{6E720F67-86CC-4A54-960A-0CF34AEC856F}"
	ProjectSection(SolutionItems) = preProject
		D:\Vagrant Files\Windows\Vagrantfile = D:\Vagrant Files\Windows\Vagrantfile
	EndProjectSection
EndProject
Project("{2150E333-8FDC-42A3-9474-1A3956D46DE8}") = "Linux", "Linux", "{BDD99D10-EEDD-457D-9560-E1C5AB5E47CB}"
	ProjectSection(SolutionItems) = preProject
		D:\Vagrant Files\Ubuntu\Vagrantfile = D:\Vagrant Files\Ubuntu\Vagrantfile
	EndProjectSection
EndProject
Global
	GlobalSection(SolutionConfigurationPlatforms) = preSolution
		Debug|Any CPU = Debug|Any CPU
		Release|Any CPU = Release|Any CPU
	EndGlobalSection
	GlobalSection(ProjectConfigurationPlatforms) = postSolution
		{BE45CCD5-3466-4EC1-8A79-04CF10DA6C78}.Debug|Any CPU.ActiveCfg = Debug|Any CPU
		{BE45CCD5-3466-4EC1-8A79-04CF10DA6C78}.Debug|Any CPU.Build.0 = Debug|Any CPU
		{BE45CCD5-3466-4EC1-8A79-04CF10DA6C78}.Release|Any CPU.ActiveCfg = Release|Any CPU
		{BE45CCD5-3466-4EC1-8A79-04CF10DA6C78}.Release|Any CPU.Build.0 = Release|Any CPU
		{98AF2BFF-33E8-44E0-B5DD-F2DB3B5DC5C0}.Debug|Any CPU.ActiveCfg = Debug|Any CPU
		{98AF2BFF-33E8-44E0-B5DD-F2DB3B5DC5C0}.Debug|Any CPU.Build.0 = Debug|Any CPU
		{98AF2BFF-33E8-44E0-B5DD-F2DB3B5DC5C0}.Release|Any CPU.ActiveCfg = Release|Any CPU
		{98AF2BFF-33E8-44E0-B5DD-F2DB3B5DC5C0}.Release|Any CPU.Build.0 = Release|Any CPU
		{230DD1BF-7601-4865-9C75-74B726C0CA28}.Debug|Any CPU.ActiveCfg = Debug|Any CPU
		{230DD1BF-7601-4865-9C75-74B726C0CA28}.Debug|Any CPU.Build.0 = Debug|Any CPU
		{230DD1BF-7601-4865-9C75-74B726C0CA28}.Release|Any CPU.ActiveCfg = Release|Any CPU
		{230DD1BF-7601-4865-9C75-74B726C0CA28}.Release|Any CPU.Build.0 = Release|Any CPU
		{7B827D81-852C-4E3D-A59E-92F9621B202D}.Debug|Any CPU.ActiveCfg = Debug|Any CPU
		{7B827D81-852C-4E3D-A59E-92F9621B202D}.Debug|Any CPU.Build.0 = Debug|Any CPU
		{7B827D81-852C-4E3D-A59E-92F9621B202D}.Release|Any CPU.ActiveCfg = Release|Any CPU
		{7B827D81-852C-4E3D-A59E-92F9621B202D}.Release|Any CPU.Build.0 = Release|Any CPU
		{2FA1883B-B975-475C-A946-26D9A4976454}.Debug|Any CPU.ActiveCfg = Debug|Any CPU
		{2FA1883B-B975-475C-A946-26D9A4976454}.Debug|Any CPU.Build.0 = Debug|Any CPU
		{2FA1883B-B975-475C-A946-26D9A4976454}.Release|Any CPU.ActiveCfg = Release|Any CPU
		{2FA1883B-B975-475C-A946-26D9A4976454}.Release|Any CPU.Build.0 = Release|Any CPU
		{29537AFE-1BA7-4771-9788-D796EBB37F2F}.Debug|Any CPU.ActiveCfg = Debug|Any CPU
		{29537AFE-1BA7-4771-9788-D796EBB37F2F}.Debug|Any CPU.Build.0 = Debug|Any CPU
		{29537AFE-1BA7-4771-9788-D796EBB37F2F}.Release|Any CPU.ActiveCfg = Release|Any CPU
		{29537AFE-1BA7-4771-9788-D796EBB37F2F}.Release|Any CPU.Build.0 = Release|Any CPU
		{3F361CAF-0CAC-4104-9683-70AF1B9D60DB}.Debug|Any CPU.ActiveCfg = Debug|Any CPU
		{3F361CAF-0CAC-4104-9683-70AF1B9D60DB}.Debug|Any CPU.Build.0 = Debug|Any CPU
		{3F361CAF-0CAC-4104-9683-70AF1B9D60DB}.Release|Any CPU.ActiveCfg = Release|Any CPU
		{3F361CAF-0CAC-4104-9683-70AF1B9D60DB}.Release|Any CPU.Build.0 = Release|Any CPU
	EndGlobalSection
	GlobalSection(SolutionProperties) = preSolution
		HideSolutionNode = FALSE
	EndGlobalSection
	GlobalSection(NestedProjects) = preSolution
		{BE45CCD5-3466-4EC1-8A79-04CF10DA6C78} = {480A2C0D-BA39-40AA-9AE2-F879419BD9F6}
		{98AF2BFF-33E8-44E0-B5DD-F2DB3B5DC5C0} = {0E624229-CAD4-43BD-A8AE-DADD2544C7DD}
		{230DD1BF-7601-4865-9C75-74B726C0CA28} = {459DA502-3C81-4888-A846-C912B03421BA}
		{7B827D81-852C-4E3D-A59E-92F9621B202D} = {459DA502-3C81-4888-A846-C912B03421BA}
		{2FA1883B-B975-475C-A946-26D9A4976454} = {459DA502-3C81-4888-A846-C912B03421BA}
		{29537AFE-1BA7-4771-9788-D796EBB37F2F} = {F8ECAD59-99A6-4951-B13A-FD63BBEB055E}
		{3F361CAF-0CAC-4104-9683-70AF1B9D60DB} = {F8ECAD59-99A6-4951-B13A-FD63BBEB055E}
		{D32EA67A-4C40-4A45-9FB5-D2EB5AE8F3AB} = {F8ECAD59-99A6-4951-B13A-FD63BBEB055E}
		{6E720F67-86CC-4A54-960A-0CF34AEC856F} = {D32EA67A-4C40-4A45-9FB5-D2EB5AE8F3AB}
		{BDD99D10-EEDD-457D-9560-E1C5AB5E47CB} = {D32EA67A-4C40-4A45-9FB5-D2EB5AE8F3AB}
	EndGlobalSection
	GlobalSection(ExtensibilityGlobals) = postSolution
		SolutionGuid = {3340B62B-43DD-4D34-99A4-42CAFF93D9B7}
	EndGlobalSection
EndGlobal
